// !$*UTF8*$!
{
	archiveVersion = 1;
	classes = {
	};
	objectVersion = 46;
	objects = {

/* Begin PBXBuildFile section */
		52E68B611F45B66B0055BE24 /* Shaders.metal in Sources */ = {isa = PBXBuildFile; fileRef = 52E68B601F45B66B0055BE24 /* Shaders.metal */; };
		52EB578E1F3E0E74008E3850 /* AppDelegate.swift in Sources */ = {isa = PBXBuildFile; fileRef = 52EB578D1F3E0E74008E3850 /* AppDelegate.swift */; };
		52EB57901F3E0E74008E3850 /* ViewController.swift in Sources */ = {isa = PBXBuildFile; fileRef = 52EB578F1F3E0E74008E3850 /* ViewController.swift */; };
		52EB57921F3E0E74008E3850 /* Assets.xcassets in Resources */ = {isa = PBXBuildFile; fileRef = 52EB57911F3E0E74008E3850 /* Assets.xcassets */; };
		52EB57951F3E0E74008E3850 /* Main.storyboard in Resources */ = {isa = PBXBuildFile; fileRef = 52EB57931F3E0E74008E3850 /* Main.storyboard */; };
		52EB57A21F3E0EC3008E3850 /* MetalView.swift in Sources */ = {isa = PBXBuildFile; fileRef = 52EB57A11F3E0EC3008E3850 /* MetalView.swift */; };
        523682682064504100762896 /* PickerAdjustmentView.swift in Sources */ = {isa = PBXBuildFile; fileRef = 523682672064504100762897 /* PickerAdjustmentView.swift */; }; 
/* End PBXBuildFile section */

/* Begin PBXFileReference section */
		52E68B601F45B66B0055BE24 /* Shaders.metal */ = {isa = PBXFileReference; fileEncoding = 4; lastKnownFileType = sourcecode.metal; path = Shaders.metal; sourceTree = "<group>"; };
		52EB578A1F3E0E74008E3850 /* MetalTest.app */ = {isa = PBXFileReference; explicitFileType = wrapper.application; includeInIndex = 0; path = MetalTest.app; sourceTree = BUILT_PRODUCTS_DIR; };
		52EB578D1F3E0E74008E3850 /* AppDelegate.swift */ = {isa = PBXFileReference; lastKnownFileType = sourcecode.swift; path = AppDelegate.swift; sourceTree = "<group>"; };
		52EB578F1F3E0E74008E3850 /* ViewController.swift */ = {isa = PBXFileReference; lastKnownFileType = sourcecode.swift; path = ViewController.swift; sourceTree = "<group>"; };
		52EB57911F3E0E74008E3850 /* Assets.xcassets */ = {isa = PBXFileReference; lastKnownFileType = folder.assetcatalog; path = Assets.xcassets; sourceTree = "<group>"; };
		52EB57941F3E0E74008E3850 /* Base */ = {isa = PBXFileReference; lastKnownFileType = file.storyboard; name = Base; path = Base.lproj/Main.storyboard; sourceTree = "<group>"; };
		52EB57961F3E0E74008E3850 /* Info.plist */ = {isa = PBXFileReference; lastKnownFileType = text.plist.xml; path = Info.plist; sourceTree = "<group>"; };
		52EB579D1F3E0E87008E3850 /* Metal.framework */ = {isa = PBXFileReference; lastKnownFileType = wrapper.framework; name = Metal.framework; path = System/Library/Frameworks/Metal.framework; sourceTree = SDKROOT; };
		52EB579F1F3E0E91008E3850 /* QuartzCore.framework */ = {isa = PBXFileReference; lastKnownFileType = wrapper.framework; name = QuartzCore.framework; path = System/Library/Frameworks/QuartzCore.framework; sourceTree = SDKROOT; };
		52EB57A11F3E0EC3008E3850 /* MetalView.swift */ = {isa = PBXFileReference; fileEncoding = 4; lastKnownFileType = sourcecode.swift; path = MetalView.swift; sourceTree = "<group>"; };
		523682682064504100762897 /* PickerAdjustmentView.swift */ = {isa = PBXFileReference; fileEncoding = 4; lastKnownFileType = sourcecode.swift; path = PickerAdjustmentView.swift; sourceTree = "<group>"; };    
/* End PBXFileReference section */

/* Begin PBXFrameworksBuildPhase section */
		52EB57871F3E0E74008E3850 /* Frameworks */ = {
			isa = PBXFrameworksBuildPhase;
			buildActionMask = 2147483647;
			files = (
			);
			runOnlyForDeploymentPostprocessing = 0;
		};
/* End PBXFrameworksBuildPhase section */

/* Begin PBXGroup section */
		52EB57811F3E0E73008E3850 = {
			isa = PBXGroup;
			children = (
				52EB578C1F3E0E74008E3850 /* MetalTest */,
				52EB578B1F3E0E74008E3850 /* Products */,
				52EB579C1F3E0E87008E3850 /* Frameworks */,
			);
			sourceTree = "<group>";
		};
		52EB578B1F3E0E74008E3850 /* Products */ = {
			isa = PBXGroup;
			children = (
				52EB578A1F3E0E74008E3850 /* MetalTest.app */,
			);
			name = Products;
			sourceTree = "<group>";
		};
		52EB578C1F3E0E74008E3850 /* MetalTest */ = {
			isa = PBXGroup;
			children = (
				52EB578D1F3E0E74008E3850 /* AppDelegate.swift */,
				52EB578F1F3E0E74008E3850 /* ViewController.swift */,
				52EB57911F3E0E74008E3850 /* Assets.xcassets */,
				52EB57931F3E0E74008E3850 /* Main.storyboard */,
				52EB57961F3E0E74008E3850 /* Info.plist */,
				52EB57A11F3E0EC3008E3850 /* MetalView.swift */,
 				523682682064504100762897 /* PickerAdjustmentView.swift */,
				52E68B601F45B66B0055BE24 /* Shaders.metal */,
			);
			path = MetalTest;
			sourceTree = "<group>";
		};
		52EB579C1F3E0E87008E3850 /* Frameworks */ = {
			isa = PBXGroup;
			children = (
				52EB579F1F3E0E91008E3850 /* QuartzCore.framework */,
				52EB579D1F3E0E87008E3850 /* Metal.framework */,
			);
			name = Frameworks;
			sourceTree = "<group>";
		};
/* End PBXGroup section */

/* Begin PBXNativeTarget section */
		52EB57891F3E0E74008E3850 /* MetalTest */ = {
			isa = PBXNativeTarget;
			buildConfigurationList = 52EB57991F3E0E74008E3850 /* Build configuration list for PBXNativeTarget "MetalTest" */;
			buildPhases = (
				52EB57861F3E0E74008E3850 /* Sources */,
				52EB57871F3E0E74008E3850 /* Frameworks */,
				52EB57881F3E0E74008E3850 /* Resources */,
			);
			buildRules = (
			);
			dependencies = (
			);
			name = MetalTest;
			productName = MetalTest;
			productReference = 52EB578A1F3E0E74008E3850 /* MetalTest.app */;
			productType = "com.apple.product-type.application";
		};
/* End PBXNativeTarget section */

/* Begin PBXProject section */
		52EB57821F3E0E73008E3850 /* Project object */ = {
			isa = PBXProject;
			attributes = {
				LastSwiftUpdateCheck = 0830;
				LastUpgradeCheck = 0830;
				ORGANIZATIONNAME = "Olive Toast Software Ltd";
				TargetAttributes = {
					52EB57891F3E0E74008E3850 = {
						CreatedOnToolsVersion = 8.3.3;
						DevelopmentTeam = MS8TKNV8QW;
						ProvisioningStyle = Automatic;
					};
				};
			};
			buildConfigurationList = 52EB57851F3E0E73008E3850 /* Build configuration list for PBXProject "MetalTest" */;
			compatibilityVersion = "Xcode 3.2";
			developmentRegion = English;
			hasScannedForEncodings = 0;
			knownRegions = (
				en,
				Base,
			);
			mainGroup = 52EB57811F3E0E73008E3850;
			productRefGroup = 52EB578B1F3E0E74008E3850 /* Products */;
			projectDirPath = "";
			projectRoot = "";
			targets = (
				52EB57891F3E0E74008E3850 /* MetalTest */,
			);
		};
/* End PBXProject section */

/* Begin PBXResourcesBuildPhase section */
		52EB57881F3E0E74008E3850 /* Resources */ = {
			isa = PBXResourcesBuildPhase;
			buildActionMask = 2147483647;
			files = (
				52EB57921F3E0E74008E3850 /* Assets.xcassets in Resources */,
				52EB57951F3E0E74008E3850 /* Main.storyboard in Resources */,
			);
			runOnlyForDeploymentPostprocessing = 0;
		};
/* End PBXResourcesBuildPhase section */

/* Begin PBXSourcesBuildPhase section */
		52EB57861F3E0E74008E3850 /* Sources */ = {
			isa = PBXSourcesBuildPhase;
			buildActionMask = 2147483647;
			files = (
				52E68B611F45B66B0055BE24 /* Shaders.metal in Sources */,
				52EB57A21F3E0EC3008E3850 /* MetalView.swift in Sources */,
				523682682064504100762896 /* PickerAdjustmentView.swift */,
				52EB57901F3E0E74008E3850 /* ViewController.swift in Sources */,
				52EB578E1F3E0E74008E3850 /* AppDelegate.swift in Sources */,
			);
			runOnlyForDeploymentPostprocessing = 0;
		};
/* End PBXSourcesBuildPhase section */

/* Begin PBXVariantGroup section */
		52EB57931F3E0E74008E3850 /* Main.storyboard */ = {
			isa = PBXVariantGroup;
			children = (
				52EB57941F3E0E74008E3850 /* Base */,
			);
			name = Main.storyboard;
			sourceTree = "<group>";
		};
/* End PBXVariantGroup section */

/* Begin XCBuildConfiguration section */
		52EB57971F3E0E74008E3850 /* Debug */ = {
			isa = XCBuildConfiguration;
			buildSettings = {
				ALWAYS_SEARCH_USER_PATHS = NO;
				CLANG_ANALYZER_NONNULL = YES;
				CLANG_ANALYZER_NUMBER_OBJECT_CONVERSION = YES_AGGRESSIVE;
				CLANG_CXX_LANGUAGE_STANDARD = "gnu++0x";
				CLANG_CXX_LIBRARY = "libc++";
				CLANG_ENABLE_MODULES = YES;
				CLANG_ENABLE_OBJC_ARC = YES;
				CLANG_WARN_BOOL_CONVERSION = YES;
				CLANG_WARN_CONSTANT_CONVERSION = YES;
				CLANG_WARN_DIRECT_OBJC_ISA_USAGE = YES_ERROR;
				CLANG_WARN_DOCUMENTATION_COMMENTS = YES;
				CLANG_WARN_EMPTY_BODY = YES;
				CLANG_WARN_ENUM_CONVERSION = YES;
				CLANG_WARN_INFINITE_RECURSION = YES;
				CLANG_WARN_INT_CONVERSION = YES;
				CLANG_WARN_OBJC_ROOT_CLASS = YES_ERROR;
				CLANG_WARN_SUSPICIOUS_MOVE = YES;
				CLANG_WARN_UNREACHABLE_CODE = YES;
				CLANG_WARN__DUPLICATE_METHOD_MATCH = YES;
				CODE_SIGN_IDENTITY = "-";
				COPY_PHASE_STRIP = NO;
				DEBUG_INFORMATION_FORMAT = dwarf;
				ENABLE_STRICT_OBJC_MSGSEND = YES;
				ENABLE_TESTABILITY = YES;
				GCC_C_LANGUAGE_STANDARD = gnu99;
				GCC_DYNAMIC_NO_PIC = NO;
				GCC_NO_COMMON_BLOCKS = YES;
				GCC_OPTIMIZATION_LEVEL = 0;
				GCC_PREPROCESSOR_DEFINITIONS = (
					"DEBUG=1",
					"$(inherited)",
				);
				GCC_WARN_64_TO_32_BIT_CONVERSION = YES;
				GCC_WARN_ABOUT_RETURN_TYPE = YES_ERROR;
				GCC_WARN_UNDECLARED_SELECTOR = YES;
				GCC_WARN_UNINITIALIZED_AUTOS = YES_AGGRESSIVE;
				GCC_WARN_UNUSED_FUNCTION = YES;
				GCC_WARN_UNUSED_VARIABLE = YES;
				MACOSX_DEPLOYMENT_TARGET = 10.12;
				MTL_ENABLE_DEBUG_INFO = YES;
				ONLY_ACTIVE_ARCH = YES;
				SDKROOT = macosx;
				SWIFT_ACTIVE_COMPILATION_CONDITIONS = DEBUG;
				SWIFT_OPTIMIZATION_LEVEL = "-Onone";
			};
			name = Debug;
		};
		52EB57981F3E0E74008E3850 /* Release */ = {
			isa = XCBuildConfiguration;
			buildSettings = {
				ALWAYS_SEARCH_USER_PATHS = NO;
				CLANG_ANALYZER_NONNULL = YES;
				CLANG_ANALYZER_NUMBER_OBJECT_CONVERSION = YES_AGGRESSIVE;
				CLANG_CXX_LANGUAGE_STANDARD = "gnu++0x";
				CLANG_CXX_LIBRARY = "libc++";
				CLANG_ENABLE_MODULES = YES;
				CLANG_ENABLE_OBJC_ARC = YES;
				CLANG_WARN_BOOL_CONVERSION = YES;
				CLANG_WARN_CONSTANT_CONVERSION = YES;
				CLANG_WARN_DIRECT_OBJC_ISA_USAGE = YES_ERROR;
				CLANG_WARN_DOCUMENTATION_COMMENTS = YES;
				CLANG_WARN_EMPTY_BODY = YES;
				CLANG_WARN_ENUM_CONVERSION = YES;
				CLANG_WARN_INFINITE_RECURSION = YES;
				CLANG_WARN_INT_CONVERSION = YES;
				CLANG_WARN_OBJC_ROOT_CLASS = YES_ERROR;
				CLANG_WARN_SUSPICIOUS_MOVE = YES;
				CLANG_WARN_UNREACHABLE_CODE = YES;
				CLANG_WARN__DUPLICATE_METHOD_MATCH = YES;
				CODE_SIGN_IDENTITY = "-";
				COPY_PHASE_STRIP = NO;
				DEBUG_INFORMATION_FORMAT = "dwarf-with-dsym";
				ENABLE_NS_ASSERTIONS = NO;
				ENABLE_STRICT_OBJC_MSGSEND = YES;
				GCC_C_LANGUAGE_STANDARD = gnu99;
				GCC_NO_COMMON_BLOCKS = YES;
				GCC_WARN_64_TO_32_BIT_CONVERSION = YES;
				GCC_WARN_ABOUT_RETURN_TYPE = YES_ERROR;
				GCC_WARN_UNDECLARED_SELECTOR = YES;
				GCC_WARN_UNINITIALIZED_AUTOS = YES_AGGRESSIVE;
				GCC_WARN_UNUSED_FUNCTION = YES;
				GCC_WARN_UNUSED_VARIABLE = YES;
				MACOSX_DEPLOYMENT_TARGET = 10.12;
				MTL_ENABLE_DEBUG_INFO = NO;
				SDKROOT = macosx;
				SWIFT_OPTIMIZATION_LEVEL = "-Owholemodule";
			};
			name = Release;
		};
		52EB579A1F3E0E74008E3850 /* Debug */ = {
			isa = XCBuildConfiguration;
			buildSettings = {
				ASSETCATALOG_COMPILER_APPICON_NAME = AppIcon;
				COMBINE_HIDPI_IMAGES = YES;
				DEVELOPMENT_TEAM = MS8TKNV8QW;
				INFOPLIST_FILE = MetalTest/Info.plist;
				LD_RUNPATH_SEARCH_PATHS = "$(inherited) @executable_path/../Frameworks";
				PRODUCT_BUNDLE_IDENTIFIER = com.olivetoast.MetalTest;
				PRODUCT_NAME = "$(TARGET_NAME)";
				SWIFT_VERSION = 3.0;
			};
			name = Debug;
		};
		52EB579B1F3E0E74008E3850 /* Release */ = {
			isa = XCBuildConfiguration;
			buildSettings = {
				ASSETCATALOG_COMPILER_APPICON_NAME = AppIcon;
				COMBINE_HIDPI_IMAGES = YES;
				DEVELOPMENT_TEAM = MS8TKNV8QW;
				INFOPLIST_FILE = MetalTest/Info.plist;
				LD_RUNPATH_SEARCH_PATHS = "$(inherited) @executable_path/../Frameworks";
				PRODUCT_BUNDLE_IDENTIFIER = com.olivetoast.MetalTest;
				PRODUCT_NAME = "$(TARGET_NAME)";
                SWIFT_VERSION = 3.0;
			};
			name = Release;
		};
/* End XCBuildConfiguration section */

/* Begin XCConfigurationList section */
		52EB57851F3E0E73008E3850 /* Build configuration list for PBXProject "MetalTest" */ = {
			isa = XCConfigurationList;
			buildConfigurations = (
				52EB57971F3E0E74008E3850 /* Debug */,
				52EB57981F3E0E74008E3850 /* Release */,
			);
			defaultConfigurationIsVisible = 0;
			defaultConfigurationName = Release;
		};
		52EB57991F3E0E74008E3850 /* Build configuration list for PBXNativeTarget "MetalTest" */ = {
			isa = XCConfigurationList;
			buildConfigurations = (
				52EB579A1F3E0E74008E3850 /* Debug */,
				52EB579B1F3E0E74008E3850 /* Release */,
			);
			defaultConfigurationIsVisible = 0;
			defaultConfigurationName = Release;
		};
/* End XCConfigurationList section */
	};
	rootObject = 52EB57821F3E0E73008E3850 /* Project object */;
}
